
Microsoft Visual Studio Solution File, Format Version 12.00
# Visual Studio 14
VisualStudioVersion = 14.0.25420.1
MinimumVisualStudioVersion = 10.0.40219.1
Project("{FAE04EC0-301F-11D3-BF4B-00C04F79EFBC}") = "IISLogAnalyzer", "IISLogAnalyzer\IISLogAnalyzer.csproj", "{EC3E8956-E107-4BE9-8C8E-5FD70C43AFA2}"
EndProject
Project("{FAE04EC0-301F-11D3-BF4B-00C04F79EFBC}") = "IISLogAnalyzer.Parser", "IISLogAnalyzer.Parser\IISLogAnalyzer.Parser.csproj", "{DA8187E5-361A-42BC-A146-297101DD52B4}"
EndProject
Global
	GlobalSection(SolutionConfigurationPlatforms) = preSolution
		Debug|Any CPU = Debug|Any CPU
		Release|Any CPU = Release|Any CPU
	EndGlobalSection
	GlobalSection(ProjectConfigurationPlatforms) = postSolution
		{EC3E8956-E107-4BE9-8C8E-5FD70C43AFA2}.Debug|Any CPU.ActiveCfg = Debug|Any CPU
		{EC3E8956-E107-4BE9-8C8E-5FD70C43AFA2}.Debug|Any CPU.Build.0 = Debug|Any CPU
		{EC3E8956-E107-4BE9-8C8E-5FD70C43AFA2}.Release|Any CPU.ActiveCfg = Release|Any CPU
		{EC3E8956-E107-4BE9-8C8E-5FD70C43AFA2}.Release|Any CPU.Build.0 = Release|Any CPU
		{DA8187E5-361A-42BC-A146-297101DD52B4}.Debug|Any CPU.ActiveCfg = Debug|Any CPU
		{DA8187E5-361A-42BC-A146-297101DD52B4}.Debug|Any CPU.Build.0 = Debug|Any CPU
		{DA8187E5-361A-42BC-A146-297101DD52B4}.Release|Any CPU.ActiveCfg = Release|Any CPU
		{DA8187E5-361A-42BC-A146-297101DD52B4}.Release|Any CPU.Build.0 = Release|Any CPU
	EndGlobalSection
	GlobalSection(SolutionProperties) = preSolution
		HideSolutionNode = FALSE
	EndGlobalSection
EndGlobal
